
Microsoft Visual Studio Solution File, Format Version 12.00
# Visual Studio 15
VisualStudioVersion = 15.0.27428.2005
MinimumVisualStudioVersion = 10.0.40219.1
Project("{888888A0-9F3D-457C-B088-3A5042F75D52}") = "AI", "AI\AI.pyproj", "{E712049B-6898-4C9A-89C6-8A38B3602B72}"
EndProject
Global
	GlobalSection(SolutionConfigurationPlatforms) = preSolution
		Debug|Any CPU = Debug|Any CPU
		Release|Any CPU = Release|Any CPU
	EndGlobalSection
	GlobalSection(ProjectConfigurationPlatforms) = postSolution
		{E712049B-6898-4C9A-89C6-8A38B3602B72}.Debug|Any CPU.ActiveCfg = Debug|Any CPU
		{E712049B-6898-4C9A-89C6-8A38B3602B72}.Release|Any CPU.ActiveCfg = Release|Any CPU
	EndGlobalSection
	GlobalSection(SolutionProperties) = preSolution
		HideSolutionNode = FALSE
	EndGlobalSection
	GlobalSection(ExtensibilityGlobals) = postSolution
		SolutionGuid = {47866D94-D174-48B6-BC4A-F5B45C33ABAD}
	EndGlobalSection
EndGlobal
